// !$*UTF8*$!
{
	archiveVersion = 1;
	classes = {
	};
	objectVersion = 50;
	objects = {

/* Begin PBXBuildFile section */
		2C14A37A26F8E53D00A1C6FE /* SmallProfile.swift in Sources */ = {isa = PBXBuildFile; fileRef = 2C14A37926F8E53D00A1C6FE /* SmallProfile.swift */; };
		2C14A37C26F8E56F00A1C6FE /* CapDesc.swift in Sources */ = {isa = PBXBuildFile; fileRef = 2C14A37B26F8E56F00A1C6FE /* CapDesc.swift */; };
		2C14A37F26F8E6AF00A1C6FE /* image.swift in Sources */ = {isa = PBXBuildFile; fileRef = 2C14A37E26F8E6AF00A1C6FE /* image.swift */; };
		2C36B8732718D08400F30C76 /* Background.swift in Sources */ = {isa = PBXBuildFile; fileRef = 2C36B8722718D08400F30C76 /* Background.swift */; };
		2C70F3DE26CDB5F7003A061F /* MessagesViewTop.swift in Sources */ = {isa = PBXBuildFile; fileRef = 2C70F3DD26CDB5F7003A061F /* MessagesViewTop.swift */; };
		2CC70AA3270B79DE006F0653 /* BigProfile.swift in Sources */ = {isa = PBXBuildFile; fileRef = 2CC70AA2270B79DE006F0653 /* BigProfile.swift */; };
		2CF9AB6C26C31711005B0D30 /* MessagesView.swift in Sources */ = {isa = PBXBuildFile; fileRef = 2CF9AB6B26C31711005B0D30 /* MessagesView.swift */; };
		2CF9AB7126C548CF005B0D30 /* RoomViewTopBar.swift in Sources */ = {isa = PBXBuildFile; fileRef = 2CF9AB7026C548CF005B0D30 /* RoomViewTopBar.swift */; };
		2CFD15E126BF16FA00589D61 /* poofrApp.swift in Sources */ = {isa = PBXBuildFile; fileRef = 2CFD15E026BF16FA00589D61 /* poofrApp.swift */; };
		2CFD15E326BF16FA00589D61 /* ContentView.swift in Sources */ = {isa = PBXBuildFile; fileRef = 2CFD15E226BF16FA00589D61 /* ContentView.swift */; };
		2CFD15E526BF16FB00589D61 /* Assets.xcassets in Resources */ = {isa = PBXBuildFile; fileRef = 2CFD15E426BF16FB00589D61 /* Assets.xcassets */; };
		2CFD15E826BF16FB00589D61 /* Preview Assets.xcassets in Resources */ = {isa = PBXBuildFile; fileRef = 2CFD15E726BF16FB00589D61 /* Preview Assets.xcassets */; };
		2CFD15EA26BF16FB00589D61 /* Persistence.swift in Sources */ = {isa = PBXBuildFile; fileRef = 2CFD15E926BF16FB00589D61 /* Persistence.swift */; };
		2CFD15ED26BF16FB00589D61 /* poofr.xcdatamodeld in Sources */ = {isa = PBXBuildFile; fileRef = 2CFD15EB26BF16FB00589D61 /* poofr.xcdatamodeld */; };
		2CFF3A2A26C2CE3C0050BC1C /* ProfileView.swift in Sources */ = {isa = PBXBuildFile; fileRef = 2CFF3A2926C2CE3C0050BC1C /* ProfileView.swift */; };
		2CFF3A2C26C2D4130050BC1C /* RoomView.swift in Sources */ = {isa = PBXBuildFile; fileRef = 2CFF3A2B26C2D4130050BC1C /* RoomView.swift */; };
		2CFF3A3026C2D4F30050BC1C /* SettingsView.swift in Sources */ = {isa = PBXBuildFile; fileRef = 2CFF3A2F26C2D4F30050BC1C /* SettingsView.swift */; };
/* End PBXBuildFile section */

/* Begin PBXFileReference section */
		2C14A37926F8E53D00A1C6FE /* SmallProfile.swift */ = {isa = PBXFileReference; lastKnownFileType = sourcecode.swift; path = SmallProfile.swift; sourceTree = "<group>"; };
		2C14A37B26F8E56F00A1C6FE /* CapDesc.swift */ = {isa = PBXFileReference; lastKnownFileType = sourcecode.swift; path = CapDesc.swift; sourceTree = "<group>"; };
		2C14A37E26F8E6AF00A1C6FE /* image.swift */ = {isa = PBXFileReference; lastKnownFileType = sourcecode.swift; path = image.swift; sourceTree = "<group>"; };
		2C36B8722718D08400F30C76 /* Background.swift */ = {isa = PBXFileReference; lastKnownFileType = sourcecode.swift; path = Background.swift; sourceTree = "<group>"; };
		2C70F3DD26CDB5F7003A061F /* MessagesViewTop.swift */ = {isa = PBXFileReference; lastKnownFileType = sourcecode.swift; path = MessagesViewTop.swift; sourceTree = "<group>"; };
		2CC70AA2270B79DE006F0653 /* BigProfile.swift */ = {isa = PBXFileReference; lastKnownFileType = sourcecode.swift; path = BigProfile.swift; sourceTree = "<group>"; };
		2CF9AB6B26C31711005B0D30 /* MessagesView.swift */ = {isa = PBXFileReference; lastKnownFileType = sourcecode.swift; path = MessagesView.swift; sourceTree = "<group>"; };
		2CF9AB7026C548CF005B0D30 /* RoomViewTopBar.swift */ = {isa = PBXFileReference; lastKnownFileType = sourcecode.swift; path = RoomViewTopBar.swift; sourceTree = "<group>"; };
		2CFD15DD26BF16FA00589D61 /* poofr.app */ = {isa = PBXFileReference; explicitFileType = wrapper.application; includeInIndex = 0; path = poofr.app; sourceTree = BUILT_PRODUCTS_DIR; };
		2CFD15E026BF16FA00589D61 /* poofrApp.swift */ = {isa = PBXFileReference; lastKnownFileType = sourcecode.swift; path = poofrApp.swift; sourceTree = "<group>"; };
		2CFD15E226BF16FA00589D61 /* ContentView.swift */ = {isa = PBXFileReference; lastKnownFileType = sourcecode.swift; path = ContentView.swift; sourceTree = "<group>"; };
		2CFD15E426BF16FB00589D61 /* Assets.xcassets */ = {isa = PBXFileReference; lastKnownFileType = folder.assetcatalog; path = Assets.xcassets; sourceTree = "<group>"; };
		2CFD15E726BF16FB00589D61 /* Preview Assets.xcassets */ = {isa = PBXFileReference; lastKnownFileType = folder.assetcatalog; path = "Preview Assets.xcassets"; sourceTree = "<group>"; };
		2CFD15E926BF16FB00589D61 /* Persistence.swift */ = {isa = PBXFileReference; lastKnownFileType = sourcecode.swift; path = Persistence.swift; sourceTree = "<group>"; };
		2CFD15EC26BF16FB00589D61 /* poofr.xcdatamodel */ = {isa = PBXFileReference; lastKnownFileType = wrapper.xcdatamodel; path = poofr.xcdatamodel; sourceTree = "<group>"; };
		2CFD15EE26BF16FB00589D61 /* Info.plist */ = {isa = PBXFileReference; lastKnownFileType = text.plist.xml; path = Info.plist; sourceTree = "<group>"; };
		2CFF3A2926C2CE3C0050BC1C /* ProfileView.swift */ = {isa = PBXFileReference; lastKnownFileType = sourcecode.swift; path = ProfileView.swift; sourceTree = "<group>"; };
		2CFF3A2B26C2D4130050BC1C /* RoomView.swift */ = {isa = PBXFileReference; lastKnownFileType = sourcecode.swift; path = RoomView.swift; sourceTree = "<group>"; };
		2CFF3A2F26C2D4F30050BC1C /* SettingsView.swift */ = {isa = PBXFileReference; lastKnownFileType = sourcecode.swift; path = SettingsView.swift; sourceTree = "<group>"; };
/* End PBXFileReference section */

/* Begin PBXFrameworksBuildPhase section */
		2CFD15DA26BF16FA00589D61 /* Frameworks */ = {
			isa = PBXFrameworksBuildPhase;
			buildActionMask = 2147483647;
			files = (
			);
			runOnlyForDeploymentPostprocessing = 0;
		};
/* End PBXFrameworksBuildPhase section */

/* Begin PBXGroup section */
		2C14A37D26F8E69900A1C6FE /* Helpers */ = {
			isa = PBXGroup;
			children = (
				2C14A37B26F8E56F00A1C6FE /* CapDesc.swift */,
				2C14A37E26F8E6AF00A1C6FE /* image.swift */,
				2C36B8722718D08400F30C76 /* Background.swift */,
			);
			path = Helpers;
			sourceTree = "<group>";
		};
		2C16648826F3B6DD00A511A5 /* Data */ = {
			isa = PBXGroup;
			children = (
				2CFD15EB26BF16FB00589D61 /* poofr.xcdatamodeld */,
				2CFD15E926BF16FB00589D61 /* Persistence.swift */,
			);
			path = Data;
			sourceTree = "<group>";
		};
		2C33C6BE26DD6A360016009B /* Messages */ = {
			isa = PBXGroup;
			children = (
				2C70F3DD26CDB5F7003A061F /* MessagesViewTop.swift */,
				2CF9AB6B26C31711005B0D30 /* MessagesView.swift */,
			);
			path = Messages;
			sourceTree = "<group>";
		};
		2C33C6BF26DD6A3E0016009B /* Rooms */ = {
			isa = PBXGroup;
			children = (
				2CF9AB7026C548CF005B0D30 /* RoomViewTopBar.swift */,
				2CFF3A2B26C2D4130050BC1C /* RoomView.swift */,
				2C14A37926F8E53D00A1C6FE /* SmallProfile.swift */,
				2CC70AA2270B79DE006F0653 /* BigProfile.swift */,
			);
			path = Rooms;
			sourceTree = "<group>";
		};
		2C33C6C026DD6A490016009B /* InternalProfiles */ = {
			isa = PBXGroup;
			children = (
				2CFF3A2926C2CE3C0050BC1C /* ProfileView.swift */,
			);
			path = InternalProfiles;
			sourceTree = "<group>";
		};
		2C33C6C126DD6A8C0016009B /* Settings */ = {
			isa = PBXGroup;
			children = (
				2CFF3A2F26C2D4F30050BC1C /* SettingsView.swift */,
			);
			path = Settings;
			sourceTree = "<group>";
		};
		2CFD15D426BF16FA00589D61 = {
			isa = PBXGroup;
			children = (
				2CFD15DF26BF16FA00589D61 /* poofr */,
				2CFD15DE26BF16FA00589D61 /* Products */,
			);
			sourceTree = "<group>";
		};
		2CFD15DE26BF16FA00589D61 /* Products */ = {
			isa = PBXGroup;
			children = (
				2CFD15DD26BF16FA00589D61 /* poofr.app */,
			);
			name = Products;
			sourceTree = "<group>";
		};
		2CFD15DF26BF16FA00589D61 /* poofr */ = {
			isa = PBXGroup;
			children = (
				2CFD15EE26BF16FB00589D61 /* Info.plist */,
				2CFD15E426BF16FB00589D61 /* Assets.xcassets */,
				2CFD15E026BF16FA00589D61 /* poofrApp.swift */,
				2CFF3A2626C2CD910050BC1C /* Views */,
				2C16648826F3B6DD00A511A5 /* Data */,
				2CFD15E626BF16FB00589D61 /* Preview Content */,
			);
			path = poofr;
			sourceTree = "<group>";
		};
		2CFD15E626BF16FB00589D61 /* Preview Content */ = {
			isa = PBXGroup;
			children = (
				2CFD15E726BF16FB00589D61 /* Preview Assets.xcassets */,
			);
			path = "Preview Content";
			sourceTree = "<group>";
		};
		2CFF3A2626C2CD910050BC1C /* Views */ = {
			isa = PBXGroup;
			children = (
				2CFD15E226BF16FA00589D61 /* ContentView.swift */,
				2C14A37D26F8E69900A1C6FE /* Helpers */,
				2C33C6C126DD6A8C0016009B /* Settings */,
				2C33C6C026DD6A490016009B /* InternalProfiles */,
				2C33C6BF26DD6A3E0016009B /* Rooms */,
				2C33C6BE26DD6A360016009B /* Messages */,
			);
			path = Views;
			sourceTree = "<group>";
		};
/* End PBXGroup section */

/* Begin PBXNativeTarget section */
		2CFD15DC26BF16FA00589D61 /* poofr */ = {
			isa = PBXNativeTarget;
			buildConfigurationList = 2CFD15F126BF16FB00589D61 /* Build configuration list for PBXNativeTarget "poofr" */;
			buildPhases = (
				2CFD15D926BF16FA00589D61 /* Sources */,
				2CFD15DA26BF16FA00589D61 /* Frameworks */,
				2CFD15DB26BF16FA00589D61 /* Resources */,
			);
			buildRules = (
			);
			dependencies = (
			);
			name = poofr;
			productName = poofr;
			productReference = 2CFD15DD26BF16FA00589D61 /* poofr.app */;
			productType = "com.apple.product-type.application";
		};
/* End PBXNativeTarget section */

/* Begin PBXProject section */
		2CFD15D526BF16FA00589D61 /* Project object */ = {
			isa = PBXProject;
			attributes = {
				LastSwiftUpdateCheck = 1250;
				LastUpgradeCheck = 1250;
				TargetAttributes = {
					2CFD15DC26BF16FA00589D61 = {
						CreatedOnToolsVersion = 12.5.1;
					};
				};
			};
			buildConfigurationList = 2CFD15D826BF16FA00589D61 /* Build configuration list for PBXProject "poofr" */;
			compatibilityVersion = "Xcode 9.3";
			developmentRegion = en;
			hasScannedForEncodings = 0;
			knownRegions = (
				en,
				Base,
			);
			mainGroup = 2CFD15D426BF16FA00589D61;
			productRefGroup = 2CFD15DE26BF16FA00589D61 /* Products */;
			projectDirPath = "";
			projectRoot = "";
			targets = (
				2CFD15DC26BF16FA00589D61 /* poofr */,
			);
		};
/* End PBXProject section */

/* Begin PBXResourcesBuildPhase section */
		2CFD15DB26BF16FA00589D61 /* Resources */ = {
			isa = PBXResourcesBuildPhase;
			buildActionMask = 2147483647;
			files = (
				2CFD15E826BF16FB00589D61 /* Preview Assets.xcassets in Resources */,
				2CFD15E526BF16FB00589D61 /* Assets.xcassets in Resources */,
			);
			runOnlyForDeploymentPostprocessing = 0;
		};
/* End PBXResourcesBuildPhase section */

/* Begin PBXSourcesBuildPhase section */
		2CFD15D926BF16FA00589D61 /* Sources */ = {
			isa = PBXSourcesBuildPhase;
			buildActionMask = 2147483647;
			files = (
				2CF9AB7126C548CF005B0D30 /* RoomViewTopBar.swift in Sources */,
				2C70F3DE26CDB5F7003A061F /* MessagesViewTop.swift in Sources */,
				2CC70AA3270B79DE006F0653 /* BigProfile.swift in Sources */,
				2C14A37A26F8E53D00A1C6FE /* SmallProfile.swift in Sources */,
				2CFF3A3026C2D4F30050BC1C /* SettingsView.swift in Sources */,
				2C14A37F26F8E6AF00A1C6FE /* image.swift in Sources */,
				2CF9AB6C26C31711005B0D30 /* MessagesView.swift in Sources */,
				2CFD15ED26BF16FB00589D61 /* poofr.xcdatamodeld in Sources */,
				2CFD15EA26BF16FB00589D61 /* Persistence.swift in Sources */,
				2CFF3A2C26C2D4130050BC1C /* RoomView.swift in Sources */,
				2CFD15E326BF16FA00589D61 /* ContentView.swift in Sources */,
				2C14A37C26F8E56F00A1C6FE /* CapDesc.swift in Sources */,
				2CFF3A2A26C2CE3C0050BC1C /* ProfileView.swift in Sources */,
				2CFD15E126BF16FA00589D61 /* poofrApp.swift in Sources */,
				2C36B8732718D08400F30C76 /* Background.swift in Sources */,
			);
			runOnlyForDeploymentPostprocessing = 0;
		};
/* End PBXSourcesBuildPhase section */

/* Begin XCBuildConfiguration section */
		2CFD15EF26BF16FB00589D61 /* Debug */ = {
			isa = XCBuildConfiguration;
			buildSettings = {
				ALWAYS_SEARCH_USER_PATHS = NO;
				CLANG_ANALYZER_NONNULL = YES;
				CLANG_ANALYZER_NUMBER_OBJECT_CONVERSION = YES_AGGRESSIVE;
				CLANG_CXX_LANGUAGE_STANDARD = "gnu++14";
				CLANG_CXX_LIBRARY = "libc++";
				CLANG_ENABLE_MODULES = YES;
				CLANG_ENABLE_OBJC_ARC = YES;
				CLANG_ENABLE_OBJC_WEAK = YES;
				CLANG_WARN_BLOCK_CAPTURE_AUTORELEASING = YES;
				CLANG_WARN_BOOL_CONVERSION = YES;
				CLANG_WARN_COMMA = YES;
				CLANG_WARN_CONSTANT_CONVERSION = YES;
				CLANG_WARN_DEPRECATED_OBJC_IMPLEMENTATIONS = YES;
				CLANG_WARN_DIRECT_OBJC_ISA_USAGE = YES_ERROR;
				CLANG_WARN_DOCUMENTATION_COMMENTS = YES;
				CLANG_WARN_EMPTY_BODY = YES;
				CLANG_WARN_ENUM_CONVERSION = YES;
				CLANG_WARN_INFINITE_RECURSION = YES;
				CLANG_WARN_INT_CONVERSION = YES;
				CLANG_WARN_NON_LITERAL_NULL_CONVERSION = YES;
				CLANG_WARN_OBJC_IMPLICIT_RETAIN_SELF = YES;
				CLANG_WARN_OBJC_LITERAL_CONVERSION = YES;
				CLANG_WARN_OBJC_ROOT_CLASS = YES_ERROR;
				CLANG_WARN_QUOTED_INCLUDE_IN_FRAMEWORK_HEADER = YES;
				CLANG_WARN_RANGE_LOOP_ANALYSIS = YES;
				CLANG_WARN_STRICT_PROTOTYPES = YES;
				CLANG_WARN_SUSPICIOUS_MOVE = YES;
				CLANG_WARN_UNGUARDED_AVAILABILITY = YES_AGGRESSIVE;
				CLANG_WARN_UNREACHABLE_CODE = YES;
				CLANG_WARN__DUPLICATE_METHOD_MATCH = YES;
				COPY_PHASE_STRIP = NO;
				DEBUG_INFORMATION_FORMAT = dwarf;
				ENABLE_STRICT_OBJC_MSGSEND = YES;
				ENABLE_TESTABILITY = YES;
				GCC_C_LANGUAGE_STANDARD = gnu11;
				GCC_DYNAMIC_NO_PIC = NO;
				GCC_NO_COMMON_BLOCKS = YES;
				GCC_OPTIMIZATION_LEVEL = 0;
				GCC_PREPROCESSOR_DEFINITIONS = (
					"DEBUG=1",
					"$(inherited)",
				);
				GCC_WARN_64_TO_32_BIT_CONVERSION = YES;
				GCC_WARN_ABOUT_RETURN_TYPE = YES_ERROR;
				GCC_WARN_UNDECLARED_SELECTOR = YES;
				GCC_WARN_UNINITIALIZED_AUTOS = YES_AGGRESSIVE;
				GCC_WARN_UNUSED_FUNCTION = YES;
				GCC_WARN_UNUSED_VARIABLE = YES;
				IPHONEOS_DEPLOYMENT_TARGET = 14.5;
				MTL_ENABLE_DEBUG_INFO = INCLUDE_SOURCE;
				MTL_FAST_MATH = YES;
				ONLY_ACTIVE_ARCH = YES;
				SDKROOT = iphoneos;
				SWIFT_ACTIVE_COMPILATION_CONDITIONS = DEBUG;
				SWIFT_OPTIMIZATION_LEVEL = "-Onone";
			};
			name = Debug;
		};
		2CFD15F026BF16FB00589D61 /* Release */ = {
			isa = XCBuildConfiguration;
			buildSettings = {
				ALWAYS_SEARCH_USER_PATHS = NO;
				CLANG_ANALYZER_NONNULL = YES;
				CLANG_ANALYZER_NUMBER_OBJECT_CONVERSION = YES_AGGRESSIVE;
				CLANG_CXX_LANGUAGE_STANDARD = "gnu++14";
				CLANG_CXX_LIBRARY = "libc++";
				CLANG_ENABLE_MODULES = YES;
				CLANG_ENABLE_OBJC_ARC = YES;
				CLANG_ENABLE_OBJC_WEAK = YES;
				CLANG_WARN_BLOCK_CAPTURE_AUTORELEASING = YES;
				CLANG_WARN_BOOL_CONVERSION = YES;
				CLANG_WARN_COMMA = YES;
				CLANG_WARN_CONSTANT_CONVERSION = YES;
				CLANG_WARN_DEPRECATED_OBJC_IMPLEMENTATIONS = YES;
				CLANG_WARN_DIRECT_OBJC_ISA_USAGE = YES_ERROR;
				CLANG_WARN_DOCUMENTATION_COMMENTS = YES;
				CLANG_WARN_EMPTY_BODY = YES;
				CLANG_WARN_ENUM_CONVERSION = YES;
				CLANG_WARN_INFINITE_RECURSION = YES;
				CLANG_WARN_INT_CONVERSION = YES;
				CLANG_WARN_NON_LITERAL_NULL_CONVERSION = YES;
				CLANG_WARN_OBJC_IMPLICIT_RETAIN_SELF = YES;
				CLANG_WARN_OBJC_LITERAL_CONVERSION = YES;
				CLANG_WARN_OBJC_ROOT_CLASS = YES_ERROR;
				CLANG_WARN_QUOTED_INCLUDE_IN_FRAMEWORK_HEADER = YES;
				CLANG_WARN_RANGE_LOOP_ANALYSIS = YES;
				CLANG_WARN_STRICT_PROTOTYPES = YES;
				CLANG_WARN_SUSPICIOUS_MOVE = YES;
				CLANG_WARN_UNGUARDED_AVAILABILITY = YES_AGGRESSIVE;
				CLANG_WARN_UNREACHABLE_CODE = YES;
				CLANG_WARN__DUPLICATE_METHOD_MATCH = YES;
				COPY_PHASE_STRIP = NO;
				DEBUG_INFORMATION_FORMAT = "dwarf-with-dsym";
				ENABLE_NS_ASSERTIONS = NO;
				ENABLE_STRICT_OBJC_MSGSEND = YES;
				GCC_C_LANGUAGE_STANDARD = gnu11;
				GCC_NO_COMMON_BLOCKS = YES;
				GCC_WARN_64_TO_32_BIT_CONVERSION = YES;
				GCC_WARN_ABOUT_RETURN_TYPE = YES_ERROR;
				GCC_WARN_UNDECLARED_SELECTOR = YES;
				GCC_WARN_UNINITIALIZED_AUTOS = YES_AGGRESSIVE;
				GCC_WARN_UNUSED_FUNCTION = YES;
				GCC_WARN_UNUSED_VARIABLE = YES;
				IPHONEOS_DEPLOYMENT_TARGET = 14.5;
				MTL_ENABLE_DEBUG_INFO = NO;
				MTL_FAST_MATH = YES;
				SDKROOT = iphoneos;
				SWIFT_COMPILATION_MODE = wholemodule;
				SWIFT_OPTIMIZATION_LEVEL = "-O";
				VALIDATE_PRODUCT = YES;
			};
			name = Release;
		};
		2CFD15F226BF16FB00589D61 /* Debug */ = {
			isa = XCBuildConfiguration;
			buildSettings = {
				ASSETCATALOG_COMPILER_APPICON_NAME = AppIcon;
				ASSETCATALOG_COMPILER_GLOBAL_ACCENT_COLOR_NAME = AccentColor;
				CODE_SIGN_STYLE = Automatic;
				DEVELOPMENT_ASSET_PATHS = "\"poofr/Preview Content\"";
				DEVELOPMENT_TEAM = 25PD8HMA99;
				ENABLE_PREVIEWS = YES;
				INFOPLIST_FILE = poofr/Info.plist;
				IPHONEOS_DEPLOYMENT_TARGET = 14.0;
				LD_RUNPATH_SEARCH_PATHS = (
					"$(inherited)",
					"@executable_path/Frameworks",
				);
				PRODUCT_BUNDLE_IDENTIFIER = "com.github-Octavian-T.poofr";
				PRODUCT_NAME = "$(TARGET_NAME)";
				SWIFT_VERSION = 5.0;
				TARGETED_DEVICE_FAMILY = 1;
			};
			name = Debug;
		};
		2CFD15F326BF16FB00589D61 /* Release */ = {
			isa = XCBuildConfiguration;
			buildSettings = {
				ASSETCATALOG_COMPILER_APPICON_NAME = AppIcon;
				ASSETCATALOG_COMPILER_GLOBAL_ACCENT_COLOR_NAME = AccentColor;
				CODE_SIGN_STYLE = Automatic;
				DEVELOPMENT_ASSET_PATHS = "\"poofr/Preview Content\"";
				DEVELOPMENT_TEAM = 25PD8HMA99;
				ENABLE_PREVIEWS = YES;
				INFOPLIST_FILE = poofr/Info.plist;
				IPHONEOS_DEPLOYMENT_TARGET = 14.0;
				LD_RUNPATH_SEARCH_PATHS = (
					"$(inherited)",
					"@executable_path/Frameworks",
				);
				PRODUCT_BUNDLE_IDENTIFIER = "com.github-Octavian-T.poofr";
				PRODUCT_NAME = "$(TARGET_NAME)";
				SWIFT_VERSION = 5.0;
				TARGETED_DEVICE_FAMILY = 1;
			};
			name = Release;
		};
/* End XCBuildConfiguration section */

/* Begin XCConfigurationList section */
		2CFD15D826BF16FA00589D61 /* Build configuration list for PBXProject "poofr" */ = {
			isa = XCConfigurationList;
			buildConfigurations = (
				2CFD15EF26BF16FB00589D61 /* Debug */,
				2CFD15F026BF16FB00589D61 /* Release */,
			);
			defaultConfigurationIsVisible = 0;
			defaultConfigurationName = Release;
		};
		2CFD15F126BF16FB00589D61 /* Build configuration list for PBXNativeTarget "poofr" */ = {
			isa = XCConfigurationList;
			buildConfigurations = (
				2CFD15F226BF16FB00589D61 /* Debug */,
				2CFD15F326BF16FB00589D61 /* Release */,
			);
			defaultConfigurationIsVisible = 0;
			defaultConfigurationName = Release;
		};
/* End XCConfigurationList section */

/* Begin XCVersionGroup section */
		2CFD15EB26BF16FB00589D61 /* poofr.xcdatamodeld */ = {
			isa = XCVersionGroup;
			children = (
				2CFD15EC26BF16FB00589D61 /* poofr.xcdatamodel */,
			);
			currentVersion = 2CFD15EC26BF16FB00589D61 /* poofr.xcdatamodel */;
			path = poofr.xcdatamodeld;
			sourceTree = "<group>";
			versionGroupType = wrapper.xcdatamodel;
		};
/* End XCVersionGroup section */
	};
	rootObject = 2CFD15D526BF16FA00589D61 /* Project object */;
}
